
Microsoft Visual Studio Solution File, Format Version 12.00
# Visual Studio 14
VisualStudioVersion = 14.0.25420.1
MinimumVisualStudioVersion = 10.0.40219.1
Project("{FAE04EC0-301F-11D3-BF4B-00C04F79EFBC}") = "PasswordApi", "PasswordApi\PasswordApi.csproj", "{67DAD356-851C-4142-BC26-2100E877788D}"
EndProject
Project("{2150E333-8FDC-42A3-9474-1A3956D46DE8}") = "Tests", "Tests", "{E439AF71-D205-4A5F-904C-311E9FBBE01A}"
EndProject
Project("{FAE04EC0-301F-11D3-BF4B-00C04F79EFBC}") = "PasswordApi.Tests", "PasswordApi.Tests\PasswordApi.Tests.csproj", "{93BE7309-A0D8-4495-AC7F-580BF914D259}"
EndProject
Project("{FAE04EC0-301F-11D3-BF4B-00C04F79EFBC}") = "Interfaces", "Interfaces\Interfaces.csproj", "{AB7FB084-A538-47C5-B7A9-0E669DEAF77B}"
EndProject
Project("{FAE04EC0-301F-11D3-BF4B-00C04F79EFBC}") = "PasswordApi.Data", "PasswordApi.Data\PasswordApi.Data.csproj", "{FA190274-54F9-4D1F-9BD3-4545376587F8}"
EndProject
Project("{FAE04EC0-301F-11D3-BF4B-00C04F79EFBC}") = "PasswordApi.Entities", "PasswordApi.Entities\PasswordApi.Entities.csproj", "{6ADDF377-49F5-453C-83AB-EA2139A0BD6B}"
EndProject
Project("{FAE04EC0-301F-11D3-BF4B-00C04F79EFBC}") = "PasswordApi.Service", "PasswordApi.Service\PasswordApi.Service.csproj", "{772E2C42-BE13-4E2E-9B50-8C590A89A9D7}"
EndProject
Project("{FAE04EC0-301F-11D3-BF4B-00C04F79EFBC}") = "PasswordService.Tests", "PasswordService.Tests\PasswordService.Tests.csproj", "{46341339-C442-4002-A6EE-0547F739FE8F}"
EndProject
Project("{FAE04EC0-301F-11D3-BF4B-00C04F79EFBC}") = "Password.Web", "Password.Web\Password.Web.csproj", "{85B23BA3-DE90-4C53-B4E1-D41EBFB52A09}"
EndProject
Project("{FAE04EC0-301F-11D3-BF4B-00C04F79EFBC}") = "Password.Web.Tests", "Password.Web.Tests\Password.Web.Tests.csproj", "{D3208516-688E-40E8-A8EC-1C918C056828}"
EndProject
Global
	GlobalSection(SolutionConfigurationPlatforms) = preSolution
		Debug|Any CPU = Debug|Any CPU
		Release|Any CPU = Release|Any CPU
	EndGlobalSection
	GlobalSection(ProjectConfigurationPlatforms) = postSolution
		{67DAD356-851C-4142-BC26-2100E877788D}.Debug|Any CPU.ActiveCfg = Debug|Any CPU
		{67DAD356-851C-4142-BC26-2100E877788D}.Debug|Any CPU.Build.0 = Debug|Any CPU
		{67DAD356-851C-4142-BC26-2100E877788D}.Release|Any CPU.ActiveCfg = Release|Any CPU
		{67DAD356-851C-4142-BC26-2100E877788D}.Release|Any CPU.Build.0 = Release|Any CPU
		{93BE7309-A0D8-4495-AC7F-580BF914D259}.Debug|Any CPU.ActiveCfg = Debug|Any CPU
		{93BE7309-A0D8-4495-AC7F-580BF914D259}.Debug|Any CPU.Build.0 = Debug|Any CPU
		{93BE7309-A0D8-4495-AC7F-580BF914D259}.Release|Any CPU.ActiveCfg = Release|Any CPU
		{93BE7309-A0D8-4495-AC7F-580BF914D259}.Release|Any CPU.Build.0 = Release|Any CPU
		{AB7FB084-A538-47C5-B7A9-0E669DEAF77B}.Debug|Any CPU.ActiveCfg = Debug|Any CPU
		{AB7FB084-A538-47C5-B7A9-0E669DEAF77B}.Debug|Any CPU.Build.0 = Debug|Any CPU
		{AB7FB084-A538-47C5-B7A9-0E669DEAF77B}.Release|Any CPU.ActiveCfg = Release|Any CPU
		{AB7FB084-A538-47C5-B7A9-0E669DEAF77B}.Release|Any CPU.Build.0 = Release|Any CPU
		{FA190274-54F9-4D1F-9BD3-4545376587F8}.Debug|Any CPU.ActiveCfg = Debug|Any CPU
		{FA190274-54F9-4D1F-9BD3-4545376587F8}.Debug|Any CPU.Build.0 = Debug|Any CPU
		{FA190274-54F9-4D1F-9BD3-4545376587F8}.Release|Any CPU.ActiveCfg = Release|Any CPU
		{FA190274-54F9-4D1F-9BD3-4545376587F8}.Release|Any CPU.Build.0 = Release|Any CPU
		{6ADDF377-49F5-453C-83AB-EA2139A0BD6B}.Debug|Any CPU.ActiveCfg = Debug|Any CPU
		{6ADDF377-49F5-453C-83AB-EA2139A0BD6B}.Debug|Any CPU.Build.0 = Debug|Any CPU
		{6ADDF377-49F5-453C-83AB-EA2139A0BD6B}.Release|Any CPU.ActiveCfg = Release|Any CPU
		{6ADDF377-49F5-453C-83AB-EA2139A0BD6B}.Release|Any CPU.Build.0 = Release|Any CPU
		{772E2C42-BE13-4E2E-9B50-8C590A89A9D7}.Debug|Any CPU.ActiveCfg = Debug|Any CPU
		{772E2C42-BE13-4E2E-9B50-8C590A89A9D7}.Debug|Any CPU.Build.0 = Debug|Any CPU
		{772E2C42-BE13-4E2E-9B50-8C590A89A9D7}.Release|Any CPU.ActiveCfg = Release|Any CPU
		{772E2C42-BE13-4E2E-9B50-8C590A89A9D7}.Release|Any CPU.Build.0 = Release|Any CPU
		{46341339-C442-4002-A6EE-0547F739FE8F}.Debug|Any CPU.ActiveCfg = Debug|Any CPU
		{46341339-C442-4002-A6EE-0547F739FE8F}.Debug|Any CPU.Build.0 = Debug|Any CPU
		{46341339-C442-4002-A6EE-0547F739FE8F}.Release|Any CPU.ActiveCfg = Release|Any CPU
		{46341339-C442-4002-A6EE-0547F739FE8F}.Release|Any CPU.Build.0 = Release|Any CPU
		{85B23BA3-DE90-4C53-B4E1-D41EBFB52A09}.Debug|Any CPU.ActiveCfg = Debug|Any CPU
		{85B23BA3-DE90-4C53-B4E1-D41EBFB52A09}.Debug|Any CPU.Build.0 = Debug|Any CPU
		{85B23BA3-DE90-4C53-B4E1-D41EBFB52A09}.Release|Any CPU.ActiveCfg = Release|Any CPU
		{85B23BA3-DE90-4C53-B4E1-D41EBFB52A09}.Release|Any CPU.Build.0 = Release|Any CPU
		{D3208516-688E-40E8-A8EC-1C918C056828}.Debug|Any CPU.ActiveCfg = Debug|Any CPU
		{D3208516-688E-40E8-A8EC-1C918C056828}.Debug|Any CPU.Build.0 = Debug|Any CPU
		{D3208516-688E-40E8-A8EC-1C918C056828}.Release|Any CPU.ActiveCfg = Release|Any CPU
		{D3208516-688E-40E8-A8EC-1C918C056828}.Release|Any CPU.Build.0 = Release|Any CPU
	EndGlobalSection
	GlobalSection(SolutionProperties) = preSolution
		HideSolutionNode = FALSE
	EndGlobalSection
	GlobalSection(NestedProjects) = preSolution
		{93BE7309-A0D8-4495-AC7F-580BF914D259} = {E439AF71-D205-4A5F-904C-311E9FBBE01A}
		{46341339-C442-4002-A6EE-0547F739FE8F} = {E439AF71-D205-4A5F-904C-311E9FBBE01A}
	EndGlobalSection
EndGlobal
