
Microsoft Visual Studio Solution File, Format Version 12.00
# Visual Studio 14
VisualStudioVersion = 14.0.25420.1
MinimumVisualStudioVersion = 10.0.40219.1
Project("{FAE04EC0-301F-11D3-BF4B-00C04F79EFBC}") = "PasswordApi", "PasswordApi\PasswordApi.csproj", "{67DAD356-851C-4142-BC26-2100E877788D}"
EndProject
Project("{2150E333-8FDC-42A3-9474-1A3956D46DE8}") = "Tests", "Tests", "{E439AF71-D205-4A5F-904C-311E9FBBE01A}"
EndProject
Project("{FAE04EC0-301F-11D3-BF4B-00C04F79EFBC}") = "PasswordApi.Tests", "PasswordApi.Tests\PasswordApi.Tests.csproj", "{93BE7309-A0D8-4495-AC7F-580BF914D259}"
EndProject
Global
	GlobalSection(SolutionConfigurationPlatforms) = preSolution
		Debug|Any CPU = Debug|Any CPU
		Release|Any CPU = Release|Any CPU
	EndGlobalSection
	GlobalSection(ProjectConfigurationPlatforms) = postSolution
		{67DAD356-851C-4142-BC26-2100E877788D}.Debug|Any CPU.ActiveCfg = Debug|Any CPU
		{67DAD356-851C-4142-BC26-2100E877788D}.Debug|Any CPU.Build.0 = Debug|Any CPU
		{67DAD356-851C-4142-BC26-2100E877788D}.Release|Any CPU.ActiveCfg = Release|Any CPU
		{67DAD356-851C-4142-BC26-2100E877788D}.Release|Any CPU.Build.0 = Release|Any CPU
		{93BE7309-A0D8-4495-AC7F-580BF914D259}.Debug|Any CPU.ActiveCfg = Debug|Any CPU
		{93BE7309-A0D8-4495-AC7F-580BF914D259}.Debug|Any CPU.Build.0 = Debug|Any CPU
		{93BE7309-A0D8-4495-AC7F-580BF914D259}.Release|Any CPU.ActiveCfg = Release|Any CPU
		{93BE7309-A0D8-4495-AC7F-580BF914D259}.Release|Any CPU.Build.0 = Release|Any CPU
	EndGlobalSection
	GlobalSection(SolutionProperties) = preSolution
		HideSolutionNode = FALSE
	EndGlobalSection
	GlobalSection(NestedProjects) = preSolution
		{93BE7309-A0D8-4495-AC7F-580BF914D259} = {E439AF71-D205-4A5F-904C-311E9FBBE01A}
	EndGlobalSection
EndGlobal
